{
  "nodes": {
    "nixpkgs": {
      "locked": {
        "lastModified": 1656608236,
        "narHash": "sha256-ZRsimvpsuj5FI0R7uuTVq7vV/C3zKn4Kcfm6roOaNjA=",
        "owner": "NixOS",
        "repo": "nixpkgs",
        "rev": "399c514226ac48d7855838d0777f47f2fa59730a",
        "type": "github"
      },
      "original": {
        "owner": "NixOS",
        "ref": "nixos-21.11",
        "repo": "nixpkgs",
        "type": "github"
      }
    },
    "root": {
      "inputs": {
        "nixpkgs": "nixpkgs"
      }
    }
  },
  "root": "root",
  "version": 7
}
